{
  "nodes": {
    "blank": {
      "locked": {
        "lastModified": 1625557891,
        "narHash": "sha256-O8/MWsPBGhhyPoPLHZAuoZiiHo9q6FLlEeIDEXuj6T4=",
        "ref": "master",
        "rev": "5a5d2684073d9f563072ed07c871d577a6c614a8",
        "revCount": 1,
        "type": "git",
        "url": "https://github.com/divnix/blank.git"
      },
      "original": {
        "ref": "master",
        "type": "git",
        "url": "https://github.com/divnix/blank.git"
      }
    },
    "crane": {
      "locked": {
        "lastModified": 1776394852,
        "narHash": "sha256-K0i9GoNk2To1RQkW348EY4c7RYf3mD74hWlGSc/9sk0=",
        "ref": "refs/tags/v0.23.3",
        "rev": "db220b8709cea4bd43c9adcd4192f212fb6768d1",
        "revCount": 839,
        "type": "git",
        "url": "https://github.com/ipetkov/crane.git"
      },
      "original": {
        "ref": "refs/tags/v0.23.3",
        "type": "git",
        "url": "https://github.com/ipetkov/crane.git"
      }
    },
    "disko": {
      "inputs": {
        "nixpkgs": [
          "nixpkgs"
        ]
      },
      "locked": {
        "lastModified": 1776613567,
        "narHash": "sha256-gC9Cp5ibBmGD5awCA9z7xy6MW6iJufhazTYJOiGlCUI=",
        "ref": "master",
        "rev": "32f4236bfc141ae930b5ba2fb604f561fed5219d",
        "revCount": 1359,
        "type": "git",
        "url": "https://github.com/nix-community/disko.git"
      },
      "original": {
        "ref": "master",
        "type": "git",
        "url": "https://github.com/nix-community/disko.git"
      }
    },
    "emacs-overlay": {
      "inputs": {
        "nixpkgs": [
          "nixpkgs"
        ],
        "nixpkgs-stable": [
          "nixpkgs"
        ]
      },
      "locked": {
        "lastModified": 1777344615,
        "narHash": "sha256-pg93DT6h9qGnchIAcJp6Tpt45sJ+8CZXmro2+Xhi/Gc=",
        "ref": "master",
        "rev": "b1f0d6617ca484adaf0c3ea410f9681f1532b460",
        "revCount": 18772,
        "type": "git",
        "url": "https://github.com/nix-community/emacs-overlay.git"
      },
      "original": {
        "ref": "master",
        "type": "git",
        "url": "https://github.com/nix-community/emacs-overlay.git"
      }
    },
    "flake-parts": {
      "inputs": {
        "nixpkgs-lib": [
          "nixpkgs"
        ]
      },
      "locked": {
        "lastModified": 1775087534,
        "narHash": "sha256-91qqW8lhL7TLwgQWijoGBbiD4t7/q75KTi8NxjVmSmA=",
        "ref": "main",
        "rev": "3107b77cd68437b9a76194f0f7f9c55f2329ca5b",
        "revCount": 448,
        "type": "git",
        "url": "https://github.com/hercules-ci/flake-parts.git"
      },
      "original": {
        "ref": "main",
        "type": "git",
        "url": "https://github.com/hercules-ci/flake-parts.git"
      }
    },
    "hermes-agent": {
      "inputs": {
        "flake-parts": [
          "flake-parts"
        ],
        "nixpkgs": [
          "nixpkgs"
        ],
        "pyproject-build-systems": [
          "pyproject-overlay"
        ],
        "pyproject-nix": [
          "pyproject"
        ],
        "uv2nix": [
          "uv"
        ]
      },
      "locked": {
        "lastModified": 1776369186,
        "narHash": "sha256-+Kltn1Ar0Ye4iBc6UVwvNPGI0uIgnCktl4Obh964/60=",
        "ref": "refs/tags/v2026.4.16",
        "rev": "1dd6b5d5fb94cac59e93388f9aeee6bc365b8f42",
        "revCount": 4388,
        "type": "git",
        "url": "https://github.com/NousResearch/hermes-agent.git"
      },
      "original": {
        "ref": "refs/tags/v2026.4.16",
        "type": "git",
        "url": "https://github.com/NousResearch/hermes-agent.git"
      }
    },
    "home-manager": {
      "inputs": {
        "nixpkgs": [
          "nixpkgs"
        ]
      },
      "locked": {
        "lastModified": 1777349711,
        "narHash": "sha256-PGKgo2dO6fK603QGI+DWXdKmS09pbJjjTxwRHdhkGZA=",
        "ref": "master",
        "rev": "c1140540536d483e2730320100f6835d62c94fdf",
        "revCount": 6629,
        "type": "git",
        "url": "https://github.com/nix-community/home-manager.git"
      },
      "original": {
        "ref": "master",
        "type": "git",
        "url": "https://github.com/nix-community/home-manager.git"
      }
    },
    "infix": {
      "inputs": {
        "flake-parts": [
          "flake-parts"
        ],
        "nixpkgs": [
          "nixpkgs"
        ]
      },
      "locked": {
        "lastModified": 1777520984,
        "narHash": "sha256-R7m1Jtyfy3DnmiHvtPjbwqAy63UCc89Jx/hgNMMJA4k=",
        "ref": "main",
        "rev": "b733d6555801ef3851e794b25dca8cc2e33ef1a7",
        "revCount": 44,
        "type": "git",
        "url": "https://codeberg.org/bingshan/infix.git"
      },
      "original": {
        "ref": "main",
        "type": "git",
        "url": "https://codeberg.org/bingshan/infix.git"
      }
    },
    "lanzaboote": {
      "inputs": {
        "crane": [
          "crane"
        ],
        "nixpkgs": [
          "nixpkgs"
        ],
        "pre-commit": [
          "blank"
        ],
        "rust-overlay": [
          "rust-overlay"
        ]
      },
      "locked": {
        "lastModified": 1765382359,
        "narHash": "sha256-RJmgVDzjRI18BWVogG6wpsl1UCuV6ui8qr4DJ1LfWZ8=",
        "ref": "refs/tags/v1.0.0",
        "rev": "e8c096ade12ec9130ff931b0f0e25d2f1bc63607",
        "revCount": 907,
        "type": "git",
        "url": "https://github.com/nix-community/lanzaboote.git"
      },
      "original": {
        "ref": "refs/tags/v1.0.0",
        "type": "git",
        "url": "https://github.com/nix-community/lanzaboote.git"
      }
    },
    "nixos": {
      "locked": {
        "lastModified": 1777954456,
        "narHash": "sha256-hGdgeU2Nk87RAuZyYjyDjFL6LK7dAZN5RE9+hrDTkDU=",
        "ref": "nixos-unstable",
        "rev": "549bd84d6279f9852cae6225e372cc67fb91a4c1",
        "revCount": 992384,
        "type": "git",
        "url": "https://github.com/NixOS/nixpkgs.git"
      },
      "original": {
        "ref": "nixos-unstable",
        "type": "git",
        "url": "https://github.com/NixOS/nixpkgs.git"
      }
    },
    "pyproject": {
      "inputs": {
        "nixpkgs": [
          "nixpkgs"
        ]
      },
      "locked": {
        "lastModified": 1776715674,
        "narHash": "sha256-Gs1VnEkCkkRZxJQAC/Dhz0Jbfi22mFXChbtNg9w/Ybg=",
        "ref": "master",
        "rev": "69f57f27e52a87c54e28138a75ec741cd46663c9",
        "revCount": 545,
        "type": "git",
        "url": "https://github.com/pyproject-nix/pyproject.nix.git"
      },
      "original": {
        "ref": "master",
        "type": "git",
        "url": "https://github.com/pyproject-nix/pyproject.nix.git"
      }
    },
    "pyproject-overlay": {
      "inputs": {
        "nixpkgs": [
          "nixpkgs"
        ],
        "pyproject-nix": [
          "pyproject"
        ],
        "uv2nix": [
          "uv"
        ]
      },
      "locked": {
        "lastModified": 1776659114,
        "narHash": "sha256-qapCOQmR++yZSY43dzrp3wCrkOTLpod+ONtJWBk6iKU=",
        "ref": "master",
        "rev": "ffaa2161dd5d63e0e94591f86b54fc239660fb2e",
        "revCount": 75,
        "type": "git",
        "url": "https://github.com/pyproject-nix/build-system-pkgs.git"
      },
      "original": {
        "ref": "master",
        "type": "git",
        "url": "https://github.com/pyproject-nix/build-system-pkgs.git"
      }
    },
    "root": {
      "inputs": {
        "blank": "blank",
        "crane": "crane",
        "disko": "disko",
        "emacs-overlay": "emacs-overlay",
        "flake-parts": "flake-parts",
        "hermes-agent": "hermes-agent",
        "home-manager": "home-manager",
        "infix": "infix",
        "lanzaboote": "lanzaboote",
        "nixos": "nixos",
        "nixpkgs": [
          "nixos"
        ],
        "pyproject": "pyproject",
        "pyproject-overlay": "pyproject-overlay",
        "rust-overlay": "rust-overlay",
        "sops": "sops",
        "systems": "systems",
        "uv": "uv"
      }
    },
    "rust-overlay": {
      "inputs": {
        "nixpkgs": [
          "nixpkgs"
        ]
      },
      "locked": {
        "lastModified": 1777346187,
        "narHash": "sha256-oVxyGjpiIsrXhWTJVUOs38fZQkLjd0nZGOY9K7Kfot8=",
        "ref": "master",
        "rev": "146e7bf7569b8288f24d41d806b9f584f7cfd5b5",
        "revCount": 2157,
        "type": "git",
        "url": "https://github.com/oxalica/rust-overlay.git"
      },
      "original": {
        "ref": "master",
        "type": "git",
        "url": "https://github.com/oxalica/rust-overlay.git"
      }
    },
    "sops": {
      "inputs": {
        "nixpkgs": [
          "nixpkgs"
        ]
      },
      "locked": {
        "lastModified": 1777338324,
        "narHash": "sha256-bc+ZZCmOTNq86/svGnw0tVpH7vJaLYvGLLKFYP08Q8E=",
        "ref": "master",
        "rev": "8eaee5c45428b28b8c47a83e4c09dccec5f279b5",
        "revCount": 1211,
        "type": "git",
        "url": "https://github.com/Mic92/sops-nix.git"
      },
      "original": {
        "ref": "master",
        "type": "git",
        "url": "https://github.com/Mic92/sops-nix.git"
      }
    },
    "systems": {
      "locked": {
        "lastModified": 1681028828,
        "narHash": "sha256-Vy1rq5AaRuLzOxct8nz4T6wlgyUR7zLU309k9mBC768=",
        "owner": "nix-systems",
        "repo": "default",
        "rev": "da67096a3b9bf56a91d16901293e51ba5b49a27e",
        "type": "github"
      },
      "original": {
        "id": "systems",
        "type": "indirect"
      }
    },
    "uv": {
      "inputs": {
        "nixpkgs": [
          "nixpkgs"
        ],
        "pyproject-nix": [
          "pyproject"
        ]
      },
      "locked": {
        "lastModified": 1776718528,
        "narHash": "sha256-XeGmo/BhkFXd8vVyendr3X4mQmw7CEkeQcpy7AHbVcg=",
        "ref": "master",
        "rev": "60982c30e16db3e0cba6c0ed13f0894b06ab2bf1",
        "revCount": 460,
        "type": "git",
        "url": "https://github.com/pyproject-nix/uv2nix.git"
      },
      "original": {
        "ref": "master",
        "type": "git",
        "url": "https://github.com/pyproject-nix/uv2nix.git"
      }
    }
  },
  "root": "root",
  "version": 7
}
