{
  "nodes": {
    "agent-skills": {
      "inputs": {
        "home-manager": [
          "home-manager"
        ],
        "nixpkgs": [
          "nixpkgs"
        ]
      },
      "locked": {
        "lastModified": 1780896346,
        "narHash": "sha256-WC5hQ0GOmFPKrlbit3vjjJMlltwI5vpWXsHj/n5NvVk=",
        "ref": "master",
        "rev": "61d701aa8fffd918d8d8c0ac4784bdbadf6ddd60",
        "revCount": 85,
        "type": "git",
        "url": "https://github.com/Kyure-A/agent-skills-nix.git"
      },
      "original": {
        "ref": "master",
        "type": "git",
        "url": "https://github.com/Kyure-A/agent-skills-nix.git"
      }
    },
    "bingshan-skills": {
      "flake": false,
      "locked": {
        "lastModified": 1779179991,
        "narHash": "sha256-M4ZdkviKUt/fytOanKPmkMJ8BcU2l+go9oE0UqH4pWw=",
        "ref": "main",
        "rev": "bb559a371150726ed86043b0f7cc1ef4f5fa5684",
        "revCount": 7,
        "type": "git",
        "url": "https://codeberg.org/bingshan/skills.git"
      },
      "original": {
        "ref": "main",
        "type": "git",
        "url": "https://codeberg.org/bingshan/skills.git"
      }
    },
    "blank": {
      "locked": {
        "lastModified": 1625557891,
        "narHash": "sha256-O8/MWsPBGhhyPoPLHZAuoZiiHo9q6FLlEeIDEXuj6T4=",
        "ref": "master",
        "rev": "5a5d2684073d9f563072ed07c871d577a6c614a8",
        "revCount": 1,
        "type": "git",
        "url": "https://github.com/divnix/blank.git"
      },
      "original": {
        "ref": "master",
        "type": "git",
        "url": "https://github.com/divnix/blank.git"
      }
    },
    "blueprint": {
      "inputs": {
        "nixpkgs": [
          "nixpkgs"
        ],
        "systems": [
          "systems"
        ]
      },
      "locked": {
        "lastModified": 1776249299,
        "narHash": "sha256-Dt9t1TGRmJFc0xVYhttNBD6QsAgHOHCArqGa0AyjrJY=",
        "ref": "main",
        "rev": "56131e8628f173d24a27f6d27c0215eff57e40dd",
        "revCount": 158,
        "type": "git",
        "url": "https://github.com/numtide/blueprint.git"
      },
      "original": {
        "ref": "main",
        "type": "git",
        "url": "https://github.com/numtide/blueprint.git"
      }
    },
    "bun": {
      "inputs": {
        "flake-parts": [
          "flake-parts"
        ],
        "nixpkgs": [
          "nixpkgs"
        ],
        "systems": [
          "systems"
        ],
        "treefmt-nix": [
          "blank"
        ]
      },
      "locked": {
        "lastModified": 1778446047,
        "narHash": "sha256-oQvcadh2BCkrog+SGrG6YffKJrveYpjj3TdQJWaKhaM=",
        "ref": "master",
        "rev": "f2bc12af1a6369648aac41041ceeaa0b866599c6",
        "revCount": 503,
        "type": "git",
        "url": "https://github.com/nix-community/bun2nix.git"
      },
      "original": {
        "ref": "master",
        "type": "git",
        "url": "https://github.com/nix-community/bun2nix.git"
      }
    },
    "crane": {
      "locked": {
        "lastModified": 1779041105,
        "narHash": "sha256-nnGD2f8OlAZT2i5OfwikJsw+ifWfiA4d6A8BWlgOXV0=",
        "ref": "refs/tags/v0.23.4",
        "rev": "10e6e3cb966f7cfcc789fe5eee7a85f3188ce08b",
        "revCount": 858,
        "type": "git",
        "url": "https://github.com/ipetkov/crane.git"
      },
      "original": {
        "ref": "refs/tags/v0.23.4",
        "type": "git",
        "url": "https://github.com/ipetkov/crane.git"
      }
    },
    "deploy": {
      "inputs": {
        "flake-compat": [
          "flake-compat"
        ],
        "nixpkgs": [
          "nixpkgs"
        ],
        "utils": [
          "flake-utils"
        ]
      },
      "locked": {
        "lastModified": 1781023725,
        "narHash": "sha256-Gt+qFANcrDRjl3xzidLYrAUQCd3808iuAsLwZbYYAEU=",
        "ref": "master",
        "rev": "2ce9051767ee4d1a3c43b52ba327431783bfd463",
        "revCount": 356,
        "type": "git",
        "url": "https://github.com/serokell/deploy-rs.git"
      },
      "original": {
        "ref": "master",
        "type": "git",
        "url": "https://github.com/serokell/deploy-rs.git"
      }
    },
    "devshell": {
      "inputs": {
        "nixpkgs": [
          "nixpkgs"
        ]
      },
      "locked": {
        "lastModified": 1768818222,
        "narHash": "sha256-460jc0+CZfyaO8+w8JNtlClB2n4ui1RbHfPTLkpwhU8=",
        "ref": "main",
        "rev": "255a2b1725a20d060f566e4755dbf571bbbb5f76",
        "revCount": 361,
        "type": "git",
        "url": "https://github.com/numtide/devshell.git"
      },
      "original": {
        "ref": "main",
        "type": "git",
        "url": "https://github.com/numtide/devshell.git"
      }
    },
    "disko": {
      "inputs": {
        "nixpkgs": [
          "nixpkgs"
        ]
      },
      "locked": {
        "lastModified": 1781152676,
        "narHash": "sha256-RxWs5ND31KzTG7wvMM+PMfUjyNpmIEr999lqNARaM5o=",
        "ref": "master",
        "rev": "ff8702b4de27f72b4c78573dfb89ec74e36abdf1",
        "revCount": 1392,
        "type": "git",
        "url": "https://github.com/nix-community/disko.git"
      },
      "original": {
        "ref": "master",
        "type": "git",
        "url": "https://github.com/nix-community/disko.git"
      }
    },
    "emacs-overlay": {
      "inputs": {
        "nixpkgs": [
          "nixpkgs"
        ],
        "nixpkgs-stable": [
          "nixpkgs"
        ]
      },
      "locked": {
        "lastModified": 1781460518,
        "narHash": "sha256-fEPCVAZE8GVwZqw463YHV8X6+2sDk2bZALyG6OjCtJc=",
        "ref": "master",
        "rev": "6e0678b1c499f616e71e08e7859959d3864d6a4c",
        "revCount": 19093,
        "type": "git",
        "url": "https://github.com/nix-community/emacs-overlay.git"
      },
      "original": {
        "ref": "master",
        "type": "git",
        "url": "https://github.com/nix-community/emacs-overlay.git"
      }
    },
    "flake-compat": {
      "flake": false,
      "locked": {
        "lastModified": 1767039857,
        "narHash": "sha256-vNpUSpF5Nuw8xvDLj2KCwwksIbjua2LZCqhV1LNRDns=",
        "ref": "master",
        "rev": "5edf11c44bc78a0d334f6334cdaf7d60d732daab",
        "revCount": 91,
        "type": "git",
        "url": "https://github.com/NixOS/flake-compat.git"
      },
      "original": {
        "ref": "master",
        "type": "git",
        "url": "https://github.com/NixOS/flake-compat.git"
      }
    },
    "flake-parts": {
      "inputs": {
        "nixpkgs-lib": [
          "nixpkgs"
        ]
      },
      "locked": {
        "lastModified": 1778716662,
        "narHash": "sha256-m1Yf0wZ8j1OHjTc2UwHwyQRSnNeSgLJOd7q5Y45hzi4=",
        "ref": "main",
        "rev": "f7c1a2d347e4c52d5fb8d10cb4d94b5884e546fb",
        "revCount": 475,
        "type": "git",
        "url": "https://github.com/hercules-ci/flake-parts.git"
      },
      "original": {
        "ref": "main",
        "type": "git",
        "url": "https://github.com/hercules-ci/flake-parts.git"
      }
    },
    "flake-utils": {
      "inputs": {
        "systems": [
          "systems"
        ]
      },
      "locked": {
        "lastModified": 1731533236,
        "narHash": "sha256-l0KFg5HjrsfsO/JpG+r7fRrqm12kzFHyUHqHCVpMMbI=",
        "ref": "main",
        "rev": "11707dc2f618dd54ca8739b309ec4fc024de578b",
        "revCount": 102,
        "type": "git",
        "url": "https://github.com/numtide/flake-utils.git"
      },
      "original": {
        "ref": "main",
        "type": "git",
        "url": "https://github.com/numtide/flake-utils.git"
      }
    },
    "hermes-agent": {
      "inputs": {
        "flake-parts": [
          "flake-parts"
        ],
        "nixpkgs": [
          "nixpkgs"
        ],
        "npm-lockfile-fix": "npm-lockfile-fix",
        "pyproject-build-systems": [
          "pyproject-overlay"
        ],
        "pyproject-nix": [
          "pyproject"
        ],
        "uv2nix": [
          "uv"
        ]
      },
      "locked": {
        "lastModified": 1778925537,
        "narHash": "sha256-d9qhrTy45Q5UsmjapqMHOVi9e+gR9zE8Nq9Z0wObLmc=",
        "ref": "refs/tags/v2026.5.16",
        "rev": "a91a57fa5a13d516c38b07a141a9ce8a3daabeb0",
        "revCount": 8485,
        "type": "git",
        "url": "https://github.com/NousResearch/hermes-agent.git"
      },
      "original": {
        "ref": "refs/tags/v2026.5.16",
        "type": "git",
        "url": "https://github.com/NousResearch/hermes-agent.git"
      }
    },
    "home-manager": {
      "inputs": {
        "nixpkgs": [
          "nixpkgs"
        ]
      },
      "locked": {
        "lastModified": 1781477932,
        "narHash": "sha256-7EZqIpytCiWoVsUQIRytWr2H0esy2xuntQHjG4Hb/48=",
        "ref": "master",
        "rev": "ed8263e7d7813ec8f447e78e5dcd7f94f333f1d5",
        "revCount": 6889,
        "type": "git",
        "url": "https://github.com/nix-community/home-manager.git"
      },
      "original": {
        "ref": "master",
        "type": "git",
        "url": "https://github.com/nix-community/home-manager.git"
      }
    },
    "import-tree": {
      "locked": {
        "lastModified": 1778781969,
        "narHash": "sha256-Jjuz5CmSkur8KvLDoGa+vylEp+RkQtv4mt/qcMznpH0=",
        "ref": "main",
        "rev": "d321337efd0f23a9eb14a42adb7b2c29313ab274",
        "revCount": 99,
        "type": "git",
        "url": "https://github.com/denful/import-tree.git"
      },
      "original": {
        "ref": "main",
        "type": "git",
        "url": "https://github.com/denful/import-tree.git"
      }
    },
    "infix": {
      "inputs": {
        "nixpkgs": [
          "nixpkgs"
        ]
      },
      "locked": {
        "lastModified": 1781519738,
        "narHash": "sha256-SQkS0QZtooyyhkAx7B3XuER2uSdcdtYUuNPgrS71UyU=",
        "ref": "main",
        "rev": "33a23cc58712d14b792e0ae6ce8eceba743586f4",
        "revCount": 93,
        "type": "git",
        "url": "https://codeberg.org/bingshan/infix.git"
      },
      "original": {
        "ref": "main",
        "type": "git",
        "url": "https://codeberg.org/bingshan/infix.git"
      }
    },
    "lanzaboote": {
      "inputs": {
        "crane": [
          "crane"
        ],
        "nixpkgs": [
          "nixpkgs"
        ],
        "pre-commit": [
          "blank"
        ],
        "rust-overlay": [
          "rust-overlay"
        ]
      },
      "locked": {
        "lastModified": 1765382359,
        "narHash": "sha256-RJmgVDzjRI18BWVogG6wpsl1UCuV6ui8qr4DJ1LfWZ8=",
        "ref": "refs/tags/v1.0.0",
        "rev": "e8c096ade12ec9130ff931b0f0e25d2f1bc63607",
        "revCount": 907,
        "type": "git",
        "url": "https://github.com/nix-community/lanzaboote.git"
      },
      "original": {
        "ref": "refs/tags/v1.0.0",
        "type": "git",
        "url": "https://github.com/nix-community/lanzaboote.git"
      }
    },
    "llm-agents": {
      "inputs": {
        "blueprint": [
          "blueprint"
        ],
        "bun2nix": [
          "bun"
        ],
        "flake-parts": [
          "flake-parts"
        ],
        "nixpkgs": [
          "nixpkgs"
        ],
        "systems": [
          "systems"
        ],
        "treefmt-nix": [
          "blank"
        ]
      },
      "locked": {
        "lastModified": 1781660662,
        "narHash": "sha256-vL3laZfrZnHs2vzTa3I7z60hcIb2+3vucONCG2LmAuw=",
        "ref": "main",
        "rev": "f255de300f906d8ec15c0f3370f30027f16976c4",
        "revCount": 11171,
        "type": "git",
        "url": "https://github.com/numtide/llm-agents.nix"
      },
      "original": {
        "ref": "main",
        "type": "git",
        "url": "https://github.com/numtide/llm-agents.nix"
      }
    },
    "mailserver": {
      "inputs": {
        "blobs": [
          "mailserver-blobs"
        ],
        "flake-compat": [
          "flake-compat"
        ],
        "git-hooks": [
          "blank"
        ],
        "nixpkgs": [
          "nixpkgs"
        ]
      },
      "locked": {
        "lastModified": 1781300555,
        "narHash": "sha256-anhcFNgXdTEe1KPBAHvxLxDzjEbrt+YZ2O4tfq3WiRA=",
        "ref": "main",
        "rev": "51726d7b7fd94aa69829fd42749a803914cbf3b7",
        "revCount": 1043,
        "type": "git",
        "url": "https://gitlab.com/simple-nixos-mailserver/nixos-mailserver.git"
      },
      "original": {
        "ref": "main",
        "type": "git",
        "url": "https://gitlab.com/simple-nixos-mailserver/nixos-mailserver.git"
      }
    },
    "mailserver-blobs": {
      "flake": false,
      "locked": {
        "lastModified": 1604995301,
        "narHash": "sha256-wcLzgLec6SGJA8fx1OEN1yV/Py5b+U5iyYpksUY/yLw=",
        "ref": "master",
        "rev": "2cccdf1ca48316f2cfd1c9a0017e8de5a7156265",
        "revCount": 1,
        "type": "git",
        "url": "https://gitlab.com/simple-nixos-mailserver/blobs.git"
      },
      "original": {
        "ref": "master",
        "type": "git",
        "url": "https://gitlab.com/simple-nixos-mailserver/blobs.git"
      }
    },
    "nix-unit": {
      "inputs": {
        "nix-github-actions": [
          "blank"
        ],
        "nixpkgs": [
          "nixpkgs"
        ],
        "treefmt-nix": [
          "blank"
        ]
      },
      "locked": {
        "lastModified": 1779338171,
        "narHash": "sha256-affUbv/bwE8SLGhuWKniDr7SVO+Lo1XEPjCZdyU5kgQ=",
        "ref": "main",
        "rev": "6ab1f232562a01d18b40d5ed6a58718c4f3a74bc",
        "revCount": 660,
        "type": "git",
        "url": "https://github.com/nix-community/nix-unit.git"
      },
      "original": {
        "ref": "main",
        "type": "git",
        "url": "https://github.com/nix-community/nix-unit.git"
      }
    },
    "nixos": {
      "locked": {
        "lastModified": 1781074563,
        "narHash": "sha256-md8WlXOlfnIeHeOScMTTHFyf2d6iaTwPl2apR5EQ3P4=",
        "ref": "nixos-unstable",
        "rev": "9ae611a455b90cf061d8f332b977e387bda8e1ca",
        "revCount": 1014179,
        "type": "git",
        "url": "https://github.com/NixOS/nixpkgs.git"
      },
      "original": {
        "ref": "nixos-unstable",
        "type": "git",
        "url": "https://github.com/NixOS/nixpkgs.git"
      }
    },
    "npm-lockfile-fix": {
      "inputs": {
        "nixpkgs": [
          "hermes-agent",
          "nixpkgs"
        ]
      },
      "locked": {
        "lastModified": 1775903712,
        "narHash": "sha256-2GV79U6iVH4gKAPWYrxUReB0S41ty/Y3dBLquU8AlaA=",
        "owner": "jeslie0",
        "repo": "npm-lockfile-fix",
        "rev": "c6093acb0c0548e0f9b8b3d82918823721930fe8",
        "type": "github"
      },
      "original": {
        "owner": "jeslie0",
        "repo": "npm-lockfile-fix",
        "type": "github"
      }
    },
    "openai-skills": {
      "flake": false,
      "locked": {
        "lastModified": 1780071638,
        "narHash": "sha256-drA/ypVE+yK4W2Bj8IUtWaVLF390Pfy7YLcmdju5dow=",
        "ref": "main",
        "rev": "a8924c2a35cfa290458852c4fad17c9133054c2e",
        "revCount": 111,
        "type": "git",
        "url": "https://github.com/openai/skills.git"
      },
      "original": {
        "ref": "main",
        "type": "git",
        "url": "https://github.com/openai/skills.git"
      }
    },
    "pyproject": {
      "inputs": {
        "nixpkgs": [
          "nixpkgs"
        ]
      },
      "locked": {
        "lastModified": 1780416763,
        "narHash": "sha256-rRK3IFixgsrK6S3e14Xz9HAZm7+kMAIl3oi5zZlcwYI=",
        "ref": "master",
        "rev": "ad83f1ead0e78e57b188f35cb57298affb06fc5f",
        "revCount": 548,
        "type": "git",
        "url": "https://github.com/pyproject-nix/pyproject.nix.git"
      },
      "original": {
        "ref": "master",
        "type": "git",
        "url": "https://github.com/pyproject-nix/pyproject.nix.git"
      }
    },
    "pyproject-overlay": {
      "inputs": {
        "nixpkgs": [
          "nixpkgs"
        ],
        "pyproject-nix": [
          "pyproject"
        ],
        "uv2nix": [
          "uv"
        ]
      },
      "locked": {
        "lastModified": 1779676664,
        "narHash": "sha256-MbXylBTkWqVm8/VYjoULtMoVRgWBN1gSHbeRKsOsPlU=",
        "ref": "master",
        "rev": "7bff980f37fc24e09dbc986643719900c139bf12",
        "revCount": 76,
        "type": "git",
        "url": "https://github.com/pyproject-nix/build-system-pkgs.git"
      },
      "original": {
        "ref": "master",
        "type": "git",
        "url": "https://github.com/pyproject-nix/build-system-pkgs.git"
      }
    },
    "root": {
      "inputs": {
        "agent-skills": "agent-skills",
        "bingshan-skills": "bingshan-skills",
        "blank": "blank",
        "blueprint": "blueprint",
        "bun": "bun",
        "crane": "crane",
        "deploy": "deploy",
        "devshell": "devshell",
        "disko": "disko",
        "emacs-overlay": "emacs-overlay",
        "flake-compat": "flake-compat",
        "flake-parts": "flake-parts",
        "flake-utils": "flake-utils",
        "hermes-agent": "hermes-agent",
        "home-manager": "home-manager",
        "import-tree": "import-tree",
        "infix": "infix",
        "lanzaboote": "lanzaboote",
        "llm-agents": "llm-agents",
        "mailserver": "mailserver",
        "mailserver-blobs": "mailserver-blobs",
        "nix-unit": "nix-unit",
        "nixos": "nixos",
        "nixpkgs": [
          "nixos"
        ],
        "openai-skills": "openai-skills",
        "pyproject": "pyproject",
        "pyproject-overlay": "pyproject-overlay",
        "rust-overlay": "rust-overlay",
        "sops": "sops",
        "systems": "systems",
        "uv": "uv"
      }
    },
    "rust-overlay": {
      "inputs": {
        "nixpkgs": [
          "nixpkgs"
        ]
      },
      "locked": {
        "lastModified": 1781407245,
        "narHash": "sha256-VzJq4MmD0uyNDAceudSe1hHqcQMe9Tau0U4S+5iRGh0=",
        "ref": "master",
        "rev": "d5f483210eb016d66102eef22baa128b3b3233fc",
        "revCount": 2205,
        "type": "git",
        "url": "https://github.com/oxalica/rust-overlay.git"
      },
      "original": {
        "ref": "master",
        "type": "git",
        "url": "https://github.com/oxalica/rust-overlay.git"
      }
    },
    "sops": {
      "inputs": {
        "nixpkgs": [
          "nixpkgs"
        ]
      },
      "locked": {
        "lastModified": 1780547341,
        "narHash": "sha256-Gq8KNx5A7hBB3uGJaj6eQfLDIz5YdLu92gqBcvHvoUo=",
        "ref": "master",
        "rev": "9ed65852b6257fbeae4355bc24ecfea307ca759a",
        "revCount": 1216,
        "type": "git",
        "url": "https://github.com/Mic92/sops-nix.git"
      },
      "original": {
        "ref": "master",
        "type": "git",
        "url": "https://github.com/Mic92/sops-nix.git"
      }
    },
    "systems": {
      "locked": {
        "lastModified": 1680978846,
        "narHash": "sha256-Gtqg8b/v49BFDpDetjclCYXm8mAnTrUzR0JnE2nv5aw=",
        "ref": "main",
        "rev": "2ecfcac5e15790ba6ce360ceccddb15ad16d08a8",
        "revCount": 3,
        "type": "git",
        "url": "https://github.com/nix-systems/x86_64-linux.git"
      },
      "original": {
        "ref": "main",
        "type": "git",
        "url": "https://github.com/nix-systems/x86_64-linux.git"
      }
    },
    "uv": {
      "inputs": {
        "nixpkgs": [
          "nixpkgs"
        ],
        "pyproject-nix": [
          "pyproject"
        ]
      },
      "locked": {
        "lastModified": 1781413266,
        "narHash": "sha256-442W/86PUnx6XEK7azeUQ7+ie8IolyDj5B7WjcqwCy8=",
        "ref": "master",
        "rev": "8a41370bc4d5ab40d29ab405f22320957e47c8a2",
        "revCount": 471,
        "type": "git",
        "url": "https://github.com/pyproject-nix/uv2nix.git"
      },
      "original": {
        "ref": "master",
        "type": "git",
        "url": "https://github.com/pyproject-nix/uv2nix.git"
      }
    }
  },
  "root": "root",
  "version": 7
}
