{
  "nodes": {
    "flake-parts": {
      "inputs": {
        "nixpkgs-lib": [
          "nixpkgs"
        ]
      },
      "locked": {
        "lastModified": 1772408722,
        "narHash": "sha256-rHuJtdcOjK7rAHpHphUb1iCvgkU3GpfvicLMwwnfMT0=",
        "ref": "main",
        "rev": "f20dc5d9b8027381c474144ecabc9034d6a839a3",
        "revCount": 445,
        "type": "git",
        "url": "https://github.com/hercules-ci/flake-parts.git"
      },
      "original": {
        "ref": "main",
        "type": "git",
        "url": "https://github.com/hercules-ci/flake-parts.git"
      }
    },
    "infix": {
      "inputs": {
        "flake-parts": [
          "flake-parts"
        ],
        "nixpkgs": [
          "nixpkgs"
        ]
      },
      "locked": {
        "lastModified": 1772589299,
        "narHash": "sha256-eLnfERsBGiXvA0IJqpLbIeflOm8Rj70LFWd++vxymDI=",
        "ref": "main",
        "rev": "e83bb54d25996f93cf550c834a287ee87fc56c81",
        "revCount": 10,
        "type": "git",
        "url": "https://codeberg.org/bingshan/infix.git"
      },
      "original": {
        "ref": "main",
        "type": "git",
        "url": "https://codeberg.org/bingshan/infix.git"
      }
    },
    "nixpkgs": {
      "locked": {
        "lastModified": 1772525000,
        "narHash": "sha256-M7kpjimt0jdEQzmin6ptszf8ev7TVzibyZNSLaLquMM=",
        "ref": "nixpkgs-unstable",
        "rev": "72b1d820cb0149b40a35aa077b4b6d60cd1b23c3",
        "revCount": 957475,
        "type": "git",
        "url": "https://github.com/NixOS/nixpkgs.git"
      },
      "original": {
        "ref": "nixpkgs-unstable",
        "type": "git",
        "url": "https://github.com/NixOS/nixpkgs.git"
      }
    },
    "root": {
      "inputs": {
        "flake-parts": "flake-parts",
        "infix": "infix",
        "nixpkgs": "nixpkgs"
      }
    }
  },
  "root": "root",
  "version": 7
}
