{
  "nodes": {
    "blank": {
      "locked": {
        "lastModified": 1625557891,
        "narHash": "sha256-O8/MWsPBGhhyPoPLHZAuoZiiHo9q6FLlEeIDEXuj6T4=",
        "ref": "master",
        "rev": "5a5d2684073d9f563072ed07c871d577a6c614a8",
        "revCount": 1,
        "type": "git",
        "url": "https://github.com/divnix/blank.git"
      },
      "original": {
        "ref": "master",
        "type": "git",
        "url": "https://github.com/divnix/blank.git"
      }
    },
    "blueprint": {
      "inputs": {
        "nixpkgs": [
          "nixpkgs"
        ],
        "systems": [
          "systems"
        ]
      },
      "locked": {
        "lastModified": 1776249299,
        "narHash": "sha256-Dt9t1TGRmJFc0xVYhttNBD6QsAgHOHCArqGa0AyjrJY=",
        "ref": "main",
        "rev": "56131e8628f173d24a27f6d27c0215eff57e40dd",
        "revCount": 158,
        "type": "git",
        "url": "https://github.com/numtide/blueprint.git"
      },
      "original": {
        "ref": "main",
        "type": "git",
        "url": "https://github.com/numtide/blueprint.git"
      }
    },
    "bun": {
      "inputs": {
        "flake-parts": [
          "flake-parts"
        ],
        "import-tree": [
          "import-tree"
        ],
        "nixpkgs": [
          "nixpkgs"
        ],
        "systems": [
          "systems"
        ],
        "treefmt-nix": [
          "blank"
        ]
      },
      "locked": {
        "lastModified": 1770895533,
        "narHash": "sha256-v3QaK9ugy9bN9RXDnjw0i2OifKmz2NnKM82agtqm/UY=",
        "ref": "master",
        "rev": "c843f477b15f51151f8c6bcc886954699440a6e1",
        "revCount": 476,
        "type": "git",
        "url": "https://github.com/nix-community/bun2nix.git"
      },
      "original": {
        "ref": "master",
        "type": "git",
        "url": "https://github.com/nix-community/bun2nix.git"
      }
    },
    "devshell": {
      "inputs": {
        "nixpkgs": [
          "nixpkgs"
        ]
      },
      "locked": {
        "lastModified": 1768818222,
        "narHash": "sha256-460jc0+CZfyaO8+w8JNtlClB2n4ui1RbHfPTLkpwhU8=",
        "ref": "main",
        "rev": "255a2b1725a20d060f566e4755dbf571bbbb5f76",
        "revCount": 361,
        "type": "git",
        "url": "https://github.com/numtide/devshell.git"
      },
      "original": {
        "ref": "main",
        "type": "git",
        "url": "https://github.com/numtide/devshell.git"
      }
    },
    "flake-parts": {
      "inputs": {
        "nixpkgs-lib": [
          "nixpkgs"
        ]
      },
      "locked": {
        "lastModified": 1775087534,
        "narHash": "sha256-91qqW8lhL7TLwgQWijoGBbiD4t7/q75KTi8NxjVmSmA=",
        "ref": "main",
        "rev": "3107b77cd68437b9a76194f0f7f9c55f2329ca5b",
        "revCount": 448,
        "type": "git",
        "url": "https://github.com/hercules-ci/flake-parts.git"
      },
      "original": {
        "ref": "main",
        "type": "git",
        "url": "https://github.com/hercules-ci/flake-parts.git"
      }
    },
    "flake-utils": {
      "inputs": {
        "systems": [
          "systems"
        ]
      },
      "locked": {
        "lastModified": 1731533236,
        "narHash": "sha256-l0KFg5HjrsfsO/JpG+r7fRrqm12kzFHyUHqHCVpMMbI=",
        "owner": "numtide",
        "repo": "flake-utils",
        "rev": "11707dc2f618dd54ca8739b309ec4fc024de578b",
        "type": "github"
      },
      "original": {
        "owner": "numtide",
        "ref": "main",
        "repo": "flake-utils",
        "type": "github"
      }
    },
    "import-tree": {
      "locked": {
        "lastModified": 1773693634,
        "narHash": "sha256-BtZ2dtkBdSUnFPPFc+n0kcMbgaTxzFNPv2iaO326Ffg=",
        "ref": "main",
        "rev": "c41e7d58045f9057880b0d85e1152d6a4430dbf1",
        "revCount": 95,
        "type": "git",
        "url": "https://github.com/denful/import-tree.git"
      },
      "original": {
        "ref": "main",
        "type": "git",
        "url": "https://github.com/denful/import-tree.git"
      }
    },
    "infix": {
      "inputs": {
        "flake-parts": [
          "flake-parts"
        ],
        "nixpkgs": [
          "nixpkgs"
        ]
      },
      "locked": {
        "lastModified": 1777520984,
        "narHash": "sha256-R7m1Jtyfy3DnmiHvtPjbwqAy63UCc89Jx/hgNMMJA4k=",
        "ref": "main",
        "rev": "b733d6555801ef3851e794b25dca8cc2e33ef1a7",
        "revCount": 44,
        "type": "git",
        "url": "https://codeberg.org/bingshan/infix.git"
      },
      "original": {
        "ref": "main",
        "type": "git",
        "url": "https://codeberg.org/bingshan/infix.git"
      }
    },
    "llm-agents": {
      "inputs": {
        "blueprint": [
          "blueprint"
        ],
        "bun2nix": [
          "bun"
        ],
        "flake-parts": [
          "flake-parts"
        ],
        "nixpkgs": [
          "nixpkgs"
        ],
        "systems": [
          "systems"
        ],
        "treefmt-nix": [
          "blank"
        ]
      },
      "locked": {
        "lastModified": 1778028867,
        "narHash": "sha256-va9MJxaxLO79TeUsJy4tQlwhmVHdRozMNKWi0Mwkuvo=",
        "ref": "main",
        "rev": "f82be9f20dbaacd2452f301b9c23ad3104cb9b36",
        "revCount": 8507,
        "type": "git",
        "url": "https://github.com/numtide/llm-agents.nix"
      },
      "original": {
        "ref": "main",
        "type": "git",
        "url": "https://github.com/numtide/llm-agents.nix"
      }
    },
    "nixago": {
      "inputs": {
        "flake-utils": [
          "flake-utils"
        ],
        "nixago-exts": [
          "nixago-extensions"
        ],
        "nixpkgs": [
          "nixpkgs"
        ]
      },
      "locked": {
        "lastModified": 1746801636,
        "narHash": "sha256-dlcKfIXp/eqFHzFm+DzseXAWWlpVwyk9cTvCKGtVKkw=",
        "ref": "master",
        "rev": "8cc33f973ab3a891d8a41391e73ef451a783960b",
        "revCount": 106,
        "type": "git",
        "url": "https://github.com/nix-community/nixago.git"
      },
      "original": {
        "ref": "master",
        "type": "git",
        "url": "https://github.com/nix-community/nixago.git"
      }
    },
    "nixago-extensions": {
      "inputs": {
        "flake-utils": [
          "nixago",
          "flake-utils"
        ],
        "nixago": [
          "nixago"
        ],
        "nixpkgs": [
          "nixago",
          "nixpkgs"
        ]
      },
      "locked": {
        "lastModified": 1676070308,
        "narHash": "sha256-QaJ65oc2l8iwQIGWUJ0EKjCeSuuCM/LqR8RauxZUUkc=",
        "ref": "master",
        "rev": "e5380cb0456f4ea3c86cf94e3039eb856bf07d0b",
        "revCount": 7,
        "type": "git",
        "url": "https://github.com/nix-community/nixago-extensions.git"
      },
      "original": {
        "ref": "master",
        "type": "git",
        "url": "https://github.com/nix-community/nixago-extensions.git"
      }
    },
    "nixpkgs": {
      "locked": {
        "lastModified": 1777946660,
        "narHash": "sha256-iw3XDIG6xxk+AZTcawCLHf6i9i4tXRzLZEoV9xhRToQ=",
        "ref": "nixpkgs-unstable",
        "rev": "bc57abace07689cfd34203aa5fb4027514895987",
        "revCount": 992374,
        "type": "git",
        "url": "https://github.com/NixOS/nixpkgs.git"
      },
      "original": {
        "ref": "nixpkgs-unstable",
        "type": "git",
        "url": "https://github.com/NixOS/nixpkgs.git"
      }
    },
    "root": {
      "inputs": {
        "blank": "blank",
        "blueprint": "blueprint",
        "bun": "bun",
        "devshell": "devshell",
        "flake-parts": "flake-parts",
        "flake-utils": "flake-utils",
        "import-tree": "import-tree",
        "infix": "infix",
        "llm-agents": "llm-agents",
        "nixago": "nixago",
        "nixago-extensions": "nixago-extensions",
        "nixpkgs": "nixpkgs",
        "systems": "systems"
      }
    },
    "systems": {
      "locked": {
        "lastModified": 1680978846,
        "narHash": "sha256-Gtqg8b/v49BFDpDetjclCYXm8mAnTrUzR0JnE2nv5aw=",
        "ref": "main",
        "rev": "2ecfcac5e15790ba6ce360ceccddb15ad16d08a8",
        "revCount": 3,
        "type": "git",
        "url": "https://github.com/nix-systems/x86_64-linux.git"
      },
      "original": {
        "ref": "main",
        "type": "git",
        "url": "https://github.com/nix-systems/x86_64-linux.git"
      }
    }
  },
  "root": "root",
  "version": 7
}
